// !$*UTF8*$!
{
	archiveVersion = 1;
	classes = {
	};
	objectVersion = 56;
	objects = {

/* Begin PBXBuildFile section */
		220229B428721EF200EAF840 /* DropRegion.swift in Sources */ = {isa = PBXBuildFile; fileRef = 220229B328721EF200EAF840 /* DropRegion.swift */; };
		222E50402872F66F00D89CEE /* RegexRepetitionBehavior.displayTitle.swift in Sources */ = {isa = PBXBuildFile; fileRef = 222E503F2872F66F00D89CEE /* RegexRepetitionBehavior.displayTitle.swift */; };
		222E50442873910800D89CEE /* SwitchedViewController.swift in Sources */ = {isa = PBXBuildFile; fileRef = 222E50432873910800D89CEE /* SwitchedViewController.swift */; };
		222E50462873AD9900D89CEE /* TestsViewController.swift in Sources */ = {isa = PBXBuildFile; fileRef = 222E50452873AD9900D89CEE /* TestsViewController.swift */; };
		22D9E5B928709D6B00E64BAA /* RegexModel in Frameworks */ = {isa = PBXBuildFile; productRef = 22D9E5B828709D6B00E64BAA /* RegexModel */; };
		22D9E5C228709DD200E64BAA /* ComponentView.swift in Sources */ = {isa = PBXBuildFile; fileRef = 22D9E5BB28709DD200E64BAA /* ComponentView.swift */; };
		22D9E5C328709DD200E64BAA /* ContentView.swift in Sources */ = {isa = PBXBuildFile; fileRef = 22D9E5BC28709DD200E64BAA /* ContentView.swift */; };
		22D9E5C428709DD200E64BAA /* RegexModel.swift in Sources */ = {isa = PBXBuildFile; fileRef = 22D9E5BD28709DD200E64BAA /* RegexModel.swift */; };
		22D9E5C528709DD200E64BAA /* Sticky.swift in Sources */ = {isa = PBXBuildFile; fileRef = 22D9E5BE28709DD200E64BAA /* Sticky.swift */; };
		22D9E5C628709DD200E64BAA /* TitledCardView.swift in Sources */ = {isa = PBXBuildFile; fileRef = 22D9E5BF28709DD200E64BAA /* TitledCardView.swift */; };
		22D9E5C728709DD200E64BAA /* ComponentCards.swift in Sources */ = {isa = PBXBuildFile; fileRef = 22D9E5C028709DD200E64BAA /* ComponentCards.swift */; };
		22D9E5C828709DD200E64BAA /* CardSymbols.swift in Sources */ = {isa = PBXBuildFile; fileRef = 22D9E5C128709DD200E64BAA /* CardSymbols.swift */; };
		22E3ECB92868D0E5003B6F55 /* AppDelegate.swift in Sources */ = {isa = PBXBuildFile; fileRef = 22E3ECB82868D0E5003B6F55 /* AppDelegate.swift */; };
		22E3ECBB2868D0E5003B6F55 /* SceneDelegate.swift in Sources */ = {isa = PBXBuildFile; fileRef = 22E3ECBA2868D0E5003B6F55 /* SceneDelegate.swift */; };
		22E3ECBD2868D0E5003B6F55 /* ViewController.swift in Sources */ = {isa = PBXBuildFile; fileRef = 22E3ECBC2868D0E5003B6F55 /* ViewController.swift */; };
		22E3ECC02868D0E5003B6F55 /* Main.storyboard in Resources */ = {isa = PBXBuildFile; fileRef = 22E3ECBE2868D0E5003B6F55 /* Main.storyboard */; };
		22E3ECC22868D0E6003B6F55 /* Assets.xcassets in Resources */ = {isa = PBXBuildFile; fileRef = 22E3ECC12868D0E6003B6F55 /* Assets.xcassets */; };
		22E3ECC52868D0E6003B6F55 /* LaunchScreen.storyboard in Resources */ = {isa = PBXBuildFile; fileRef = 22E3ECC32868D0E6003B6F55 /* LaunchScreen.storyboard */; };
		22E3ECD12868D9D8003B6F55 /* PickerViewController.swift in Sources */ = {isa = PBXBuildFile; fileRef = 22E3ECD02868D9D8003B6F55 /* PickerViewController.swift */; };
		22E3ECD32868DA02003B6F55 /* ComponentCollectionViewController.swift in Sources */ = {isa = PBXBuildFile; fileRef = 22E3ECD22868DA02003B6F55 /* ComponentCollectionViewController.swift */; };
		22E3ECD52868DC5C003B6F55 /* CreateListLayout.swift in Sources */ = {isa = PBXBuildFile; fileRef = 22E3ECD42868DC5C003B6F55 /* CreateListLayout.swift */; };
/* End PBXBuildFile section */

/* Begin PBXFileReference section */
		220229B328721EF200EAF840 /* DropRegion.swift */ = {isa = PBXFileReference; lastKnownFileType = sourcecode.swift; path = DropRegion.swift; sourceTree = "<group>"; };
		222E503F2872F66F00D89CEE /* RegexRepetitionBehavior.displayTitle.swift */ = {isa = PBXFileReference; lastKnownFileType = sourcecode.swift; path = RegexRepetitionBehavior.displayTitle.swift; sourceTree = "<group>"; };
		222E50432873910800D89CEE /* SwitchedViewController.swift */ = {isa = PBXFileReference; lastKnownFileType = sourcecode.swift; path = SwitchedViewController.swift; sourceTree = "<group>"; };
		222E50452873AD9900D89CEE /* TestsViewController.swift */ = {isa = PBXFileReference; lastKnownFileType = sourcecode.swift; path = TestsViewController.swift; sourceTree = "<group>"; };
		22D9E5B628709D5900E64BAA /* RegexModel */ = {isa = PBXFileReference; lastKnownFileType = wrapper; name = RegexModel; path = ../RegexModel; sourceTree = "<group>"; };
		22D9E5BB28709DD200E64BAA /* ComponentView.swift */ = {isa = PBXFileReference; fileEncoding = 4; lastKnownFileType = sourcecode.swift; path = ComponentView.swift; sourceTree = "<group>"; };
		22D9E5BC28709DD200E64BAA /* ContentView.swift */ = {isa = PBXFileReference; fileEncoding = 4; lastKnownFileType = sourcecode.swift; path = ContentView.swift; sourceTree = "<group>"; };
		22D9E5BD28709DD200E64BAA /* RegexModel.swift */ = {isa = PBXFileReference; fileEncoding = 4; lastKnownFileType = sourcecode.swift; path = RegexModel.swift; sourceTree = "<group>"; };
		22D9E5BE28709DD200E64BAA /* Sticky.swift */ = {isa = PBXFileReference; fileEncoding = 4; lastKnownFileType = sourcecode.swift; path = Sticky.swift; sourceTree = "<group>"; };
		22D9E5BF28709DD200E64BAA /* TitledCardView.swift */ = {isa = PBXFileReference; fileEncoding = 4; lastKnownFileType = sourcecode.swift; path = TitledCardView.swift; sourceTree = "<group>"; };
		22D9E5C028709DD200E64BAA /* ComponentCards.swift */ = {isa = PBXFileReference; fileEncoding = 4; lastKnownFileType = sourcecode.swift; path = ComponentCards.swift; sourceTree = "<group>"; };
		22D9E5C128709DD200E64BAA /* CardSymbols.swift */ = {isa = PBXFileReference; fileEncoding = 4; lastKnownFileType = sourcecode.swift; path = CardSymbols.swift; sourceTree = "<group>"; };
		22E3ECB52868D0E5003B6F55 /* ReggieUI.app */ = {isa = PBXFileReference; explicitFileType = wrapper.application; includeInIndex = 0; path = ReggieUI.app; sourceTree = BUILT_PRODUCTS_DIR; };
		22E3ECB82868D0E5003B6F55 /* AppDelegate.swift */ = {isa = PBXFileReference; lastKnownFileType = sourcecode.swift; path = AppDelegate.swift; sourceTree = "<group>"; };
		22E3ECBA2868D0E5003B6F55 /* SceneDelegate.swift */ = {isa = PBXFileReference; lastKnownFileType = sourcecode.swift; path = SceneDelegate.swift; sourceTree = "<group>"; };
		22E3ECBC2868D0E5003B6F55 /* ViewController.swift */ = {isa = PBXFileReference; lastKnownFileType = sourcecode.swift; path = ViewController.swift; sourceTree = "<group>"; };
		22E3ECBF2868D0E5003B6F55 /* Base */ = {isa = PBXFileReference; lastKnownFileType = file.storyboard; name = Base; path = Base.lproj/Main.storyboard; sourceTree = "<group>"; };
		22E3ECC12868D0E6003B6F55 /* Assets.xcassets */ = {isa = PBXFileReference; lastKnownFileType = folder.assetcatalog; path = Assets.xcassets; sourceTree = "<group>"; };
		22E3ECC42868D0E6003B6F55 /* Base */ = {isa = PBXFileReference; lastKnownFileType = file.storyboard; name = Base; path = Base.lproj/LaunchScreen.storyboard; sourceTree = "<group>"; };
		22E3ECC62868D0E7003B6F55 /* Info.plist */ = {isa = PBXFileReference; lastKnownFileType = text.plist.xml; path = Info.plist; sourceTree = "<group>"; };
		22E3ECD02868D9D8003B6F55 /* PickerViewController.swift */ = {isa = PBXFileReference; lastKnownFileType = sourcecode.swift; path = PickerViewController.swift; sourceTree = "<group>"; };
		22E3ECD22868DA02003B6F55 /* ComponentCollectionViewController.swift */ = {isa = PBXFileReference; lastKnownFileType = sourcecode.swift; path = ComponentCollectionViewController.swift; sourceTree = "<group>"; };
		22E3ECD42868DC5C003B6F55 /* CreateListLayout.swift */ = {isa = PBXFileReference; lastKnownFileType = sourcecode.swift; path = CreateListLayout.swift; sourceTree = "<group>"; };
/* End PBXFileReference section */

/* Begin PBXFrameworksBuildPhase section */
		22E3ECB22868D0E5003B6F55 /* Frameworks */ = {
			isa = PBXFrameworksBuildPhase;
			buildActionMask = 2147483647;
			files = (
				22D9E5B928709D6B00E64BAA /* RegexModel in Frameworks */,
			);
			runOnlyForDeploymentPostprocessing = 0;
		};
/* End PBXFrameworksBuildPhase section */

/* Begin PBXGroup section */
		222E503E2872F65400D89CEE /* Extensions */ = {
			isa = PBXGroup;
			children = (
				222E503F2872F66F00D89CEE /* RegexRepetitionBehavior.displayTitle.swift */,
			);
			path = Extensions;
			sourceTree = "<group>";
		};
		22D9E5B528709D5900E64BAA /* Packages */ = {
			isa = PBXGroup;
			children = (
				22D9E5B628709D5900E64BAA /* RegexModel */,
			);
			name = Packages;
			sourceTree = "<group>";
		};
		22D9E5B728709D6B00E64BAA /* Frameworks */ = {
			isa = PBXGroup;
			children = (
			);
			name = Frameworks;
			sourceTree = "<group>";
		};
		22D9E5BA28709DBB00E64BAA /* SwiftUI */ = {
			isa = PBXGroup;
			children = (
				22D9E5C128709DD200E64BAA /* CardSymbols.swift */,
				22D9E5C028709DD200E64BAA /* ComponentCards.swift */,
				22D9E5BB28709DD200E64BAA /* ComponentView.swift */,
				22D9E5BC28709DD200E64BAA /* ContentView.swift */,
				22D9E5BD28709DD200E64BAA /* RegexModel.swift */,
				22D9E5BE28709DD200E64BAA /* Sticky.swift */,
				22D9E5BF28709DD200E64BAA /* TitledCardView.swift */,
				220229B328721EF200EAF840 /* DropRegion.swift */,
			);
			path = SwiftUI;
			sourceTree = "<group>";
		};
		22E3ECAC2868D0E4003B6F55 = {
			isa = PBXGroup;
			children = (
				22D9E5B528709D5900E64BAA /* Packages */,
				22E3ECB72868D0E5003B6F55 /* ReggieUI */,
				22D9E5BA28709DBB00E64BAA /* SwiftUI */,
				222E503E2872F65400D89CEE /* Extensions */,
				22E3ECB62868D0E5003B6F55 /* Products */,
				22D9E5B728709D6B00E64BAA /* Frameworks */,
			);
			sourceTree = "<group>";
		};
		22E3ECB62868D0E5003B6F55 /* Products */ = {
			isa = PBXGroup;
			children = (
				22E3ECB52868D0E5003B6F55 /* ReggieUI.app */,
			);
			name = Products;
			sourceTree = "<group>";
		};
		22E3ECB72868D0E5003B6F55 /* ReggieUI */ = {
			isa = PBXGroup;
			children = (
				22E3ECB82868D0E5003B6F55 /* AppDelegate.swift */,
				22E3ECBA2868D0E5003B6F55 /* SceneDelegate.swift */,
				22E3ECBC2868D0E5003B6F55 /* ViewController.swift */,
				22E3ECD02868D9D8003B6F55 /* PickerViewController.swift */,
				222E50432873910800D89CEE /* SwitchedViewController.swift */,
				222E50452873AD9900D89CEE /* TestsViewController.swift */,
				22E3ECD22868DA02003B6F55 /* ComponentCollectionViewController.swift */,
				22E3ECD42868DC5C003B6F55 /* CreateListLayout.swift */,
				22E3ECBE2868D0E5003B6F55 /* Main.storyboard */,
				22E3ECC12868D0E6003B6F55 /* Assets.xcassets */,
				22E3ECC32868D0E6003B6F55 /* LaunchScreen.storyboard */,
				22E3ECC62868D0E7003B6F55 /* Info.plist */,
			);
			path = ReggieUI;
			sourceTree = "<group>";
		};
/* End PBXGroup section */

/* Begin PBXNativeTarget section */
		22E3ECB42868D0E5003B6F55 /* ReggieUI */ = {
			isa = PBXNativeTarget;
			buildConfigurationList = 22E3ECC92868D0E7003B6F55 /* Build configuration list for PBXNativeTarget "ReggieUI" */;
			buildPhases = (
				22E3ECB12868D0E5003B6F55 /* Sources */,
				22E3ECB22868D0E5003B6F55 /* Frameworks */,
				22E3ECB32868D0E5003B6F55 /* Resources */,
			);
			buildRules = (
			);
			dependencies = (
			);
			name = ReggieUI;
			packageProductDependencies = (
				22D9E5B828709D6B00E64BAA /* RegexModel */,
			);
			productName = ReggieUI;
			productReference = 22E3ECB52868D0E5003B6F55 /* ReggieUI.app */;
			productType = "com.apple.product-type.application";
		};
/* End PBXNativeTarget section */

/* Begin PBXProject section */
		22E3ECAD2868D0E4003B6F55 /* Project object */ = {
			isa = PBXProject;
			attributes = {
				BuildIndependentTargetsInParallel = 1;
				LastSwiftUpdateCheck = 1400;
				LastUpgradeCheck = 1400;
				TargetAttributes = {
					22E3ECB42868D0E5003B6F55 = {
						CreatedOnToolsVersion = 14.0;
					};
				};
			};
			buildConfigurationList = 22E3ECB02868D0E4003B6F55 /* Build configuration list for PBXProject "ReggieUI" */;
			compatibilityVersion = "Xcode 14.0";
			developmentRegion = en;
			hasScannedForEncodings = 0;
			knownRegions = (
				en,
				Base,
			);
			mainGroup = 22E3ECAC2868D0E4003B6F55;
			productRefGroup = 22E3ECB62868D0E5003B6F55 /* Products */;
			projectDirPath = "";
			projectRoot = "";
			targets = (
				22E3ECB42868D0E5003B6F55 /* ReggieUI */,
			);
		};
/* End PBXProject section */

/* Begin PBXResourcesBuildPhase section */
		22E3ECB32868D0E5003B6F55 /* Resources */ = {
			isa = PBXResourcesBuildPhase;
			buildActionMask = 2147483647;
			files = (
				22E3ECC52868D0E6003B6F55 /* LaunchScreen.storyboard in Resources */,
				22E3ECC22868D0E6003B6F55 /* Assets.xcassets in Resources */,
				22E3ECC02868D0E5003B6F55 /* Main.storyboard in Resources */,
			);
			runOnlyForDeploymentPostprocessing = 0;
		};
/* End PBXResourcesBuildPhase section */

/* Begin PBXSourcesBuildPhase section */
		22E3ECB12868D0E5003B6F55 /* Sources */ = {
			isa = PBXSourcesBuildPhase;
			buildActionMask = 2147483647;
			files = (
				22D9E5C528709DD200E64BAA /* Sticky.swift in Sources */,
				222E50442873910800D89CEE /* SwitchedViewController.swift in Sources */,
				22E3ECD32868DA02003B6F55 /* ComponentCollectionViewController.swift in Sources */,
				22D9E5C428709DD200E64BAA /* RegexModel.swift in Sources */,
				22D9E5C728709DD200E64BAA /* ComponentCards.swift in Sources */,
				22E3ECBD2868D0E5003B6F55 /* ViewController.swift in Sources */,
				22D9E5C328709DD200E64BAA /* ContentView.swift in Sources */,
				22D9E5C828709DD200E64BAA /* CardSymbols.swift in Sources */,
				22D9E5C628709DD200E64BAA /* TitledCardView.swift in Sources */,
				22E3ECB92868D0E5003B6F55 /* AppDelegate.swift in Sources */,
				22D9E5C228709DD200E64BAA /* ComponentView.swift in Sources */,
				220229B428721EF200EAF840 /* DropRegion.swift in Sources */,
				22E3ECD52868DC5C003B6F55 /* CreateListLayout.swift in Sources */,
				222E50402872F66F00D89CEE /* RegexRepetitionBehavior.displayTitle.swift in Sources */,
				22E3ECD12868D9D8003B6F55 /* PickerViewController.swift in Sources */,
				222E50462873AD9900D89CEE /* TestsViewController.swift in Sources */,
				22E3ECBB2868D0E5003B6F55 /* SceneDelegate.swift in Sources */,
			);
			runOnlyForDeploymentPostprocessing = 0;
		};
/* End PBXSourcesBuildPhase section */

/* Begin PBXVariantGroup section */
		22E3ECBE2868D0E5003B6F55 /* Main.storyboard */ = {
			isa = PBXVariantGroup;
			children = (
				22E3ECBF2868D0E5003B6F55 /* Base */,
			);
			name = Main.storyboard;
			sourceTree = "<group>";
		};
		22E3ECC32868D0E6003B6F55 /* LaunchScreen.storyboard */ = {
			isa = PBXVariantGroup;
			children = (
				22E3ECC42868D0E6003B6F55 /* Base */,
			);
			name = LaunchScreen.storyboard;
			sourceTree = "<group>";
		};
/* End PBXVariantGroup section */

/* Begin XCBuildConfiguration section */
		22E3ECC72868D0E7003B6F55 /* Debug */ = {
			isa = XCBuildConfiguration;
			buildSettings = {
				ALWAYS_SEARCH_USER_PATHS = NO;
				CLANG_ANALYZER_NONNULL = YES;
				CLANG_ANALYZER_NUMBER_OBJECT_CONVERSION = YES_AGGRESSIVE;
				CLANG_CXX_LANGUAGE_STANDARD = "gnu++17";
				CLANG_ENABLE_MODULES = YES;
				CLANG_ENABLE_OBJC_ARC = YES;
				CLANG_ENABLE_OBJC_WEAK = YES;
				CLANG_WARN_BLOCK_CAPTURE_AUTORELEASING = YES;
				CLANG_WARN_BOOL_CONVERSION = YES;
				CLANG_WARN_COMMA = YES;
				CLANG_WARN_CONSTANT_CONVERSION = YES;
				CLANG_WARN_DEPRECATED_OBJC_IMPLEMENTATIONS = YES;
				CLANG_WARN_DIRECT_OBJC_ISA_USAGE = YES_ERROR;
				CLANG_WARN_DOCUMENTATION_COMMENTS = YES;
				CLANG_WARN_EMPTY_BODY = YES;
				CLANG_WARN_ENUM_CONVERSION = YES;
				CLANG_WARN_INFINITE_RECURSION = YES;
				CLANG_WARN_INT_CONVERSION = YES;
				CLANG_WARN_NON_LITERAL_NULL_CONVERSION = YES;
				CLANG_WARN_OBJC_IMPLICIT_RETAIN_SELF = YES;
				CLANG_WARN_OBJC_LITERAL_CONVERSION = YES;
				CLANG_WARN_OBJC_ROOT_CLASS = YES_ERROR;
				CLANG_WARN_QUOTED_INCLUDE_IN_FRAMEWORK_HEADER = YES;
				CLANG_WARN_RANGE_LOOP_ANALYSIS = YES;
				CLANG_WARN_STRICT_PROTOTYPES = YES;
				CLANG_WARN_SUSPICIOUS_MOVE = YES;
				CLANG_WARN_UNGUARDED_AVAILABILITY = YES_AGGRESSIVE;
				CLANG_WARN_UNREACHABLE_CODE = YES;
				CLANG_WARN__DUPLICATE_METHOD_MATCH = YES;
				COPY_PHASE_STRIP = NO;
				DEBUG_INFORMATION_FORMAT = dwarf;
				ENABLE_STRICT_OBJC_MSGSEND = YES;
				ENABLE_TESTABILITY = YES;
				GCC_C_LANGUAGE_STANDARD = gnu11;
				GCC_DYNAMIC_NO_PIC = NO;
				GCC_NO_COMMON_BLOCKS = YES;
				GCC_OPTIMIZATION_LEVEL = 0;
				GCC_PREPROCESSOR_DEFINITIONS = (
					"DEBUG=1",
					"$(inherited)",
				);
				GCC_WARN_64_TO_32_BIT_CONVERSION = YES;
				GCC_WARN_ABOUT_RETURN_TYPE = YES_ERROR;
				GCC_WARN_UNDECLARED_SELECTOR = YES;
				GCC_WARN_UNINITIALIZED_AUTOS = YES_AGGRESSIVE;
				GCC_WARN_UNUSED_FUNCTION = YES;
				GCC_WARN_UNUSED_VARIABLE = YES;
				IPHONEOS_DEPLOYMENT_TARGET = 16.0;
				MTL_ENABLE_DEBUG_INFO = INCLUDE_SOURCE;
				MTL_FAST_MATH = YES;
				ONLY_ACTIVE_ARCH = YES;
				SDKROOT = iphoneos;
				SWIFT_ACTIVE_COMPILATION_CONDITIONS = DEBUG;
				SWIFT_OPTIMIZATION_LEVEL = "-Onone";
			};
			name = Debug;
		};
		22E3ECC82868D0E7003B6F55 /* Release */ = {
			isa = XCBuildConfiguration;
			buildSettings = {
				ALWAYS_SEARCH_USER_PATHS = NO;
				CLANG_ANALYZER_NONNULL = YES;
				CLANG_ANALYZER_NUMBER_OBJECT_CONVERSION = YES_AGGRESSIVE;
				CLANG_CXX_LANGUAGE_STANDARD = "gnu++17";
				CLANG_ENABLE_MODULES = YES;
				CLANG_ENABLE_OBJC_ARC = YES;
				CLANG_ENABLE_OBJC_WEAK = YES;
				CLANG_WARN_BLOCK_CAPTURE_AUTORELEASING = YES;
				CLANG_WARN_BOOL_CONVERSION = YES;
				CLANG_WARN_COMMA = YES;
				CLANG_WARN_CONSTANT_CONVERSION = YES;
				CLANG_WARN_DEPRECATED_OBJC_IMPLEMENTATIONS = YES;
				CLANG_WARN_DIRECT_OBJC_ISA_USAGE = YES_ERROR;
				CLANG_WARN_DOCUMENTATION_COMMENTS = YES;
				CLANG_WARN_EMPTY_BODY = YES;
				CLANG_WARN_ENUM_CONVERSION = YES;
				CLANG_WARN_INFINITE_RECURSION = YES;
				CLANG_WARN_INT_CONVERSION = YES;
				CLANG_WARN_NON_LITERAL_NULL_CONVERSION = YES;
				CLANG_WARN_OBJC_IMPLICIT_RETAIN_SELF = YES;
				CLANG_WARN_OBJC_LITERAL_CONVERSION = YES;
				CLANG_WARN_OBJC_ROOT_CLASS = YES_ERROR;
				CLANG_WARN_QUOTED_INCLUDE_IN_FRAMEWORK_HEADER = YES;
				CLANG_WARN_RANGE_LOOP_ANALYSIS = YES;
				CLANG_WARN_STRICT_PROTOTYPES = YES;
				CLANG_WARN_SUSPICIOUS_MOVE = YES;
				CLANG_WARN_UNGUARDED_AVAILABILITY = YES_AGGRESSIVE;
				CLANG_WARN_UNREACHABLE_CODE = YES;
				CLANG_WARN__DUPLICATE_METHOD_MATCH = YES;
				COPY_PHASE_STRIP = NO;
				DEBUG_INFORMATION_FORMAT = "dwarf-with-dsym";
				ENABLE_NS_ASSERTIONS = NO;
				ENABLE_STRICT_OBJC_MSGSEND = YES;
				GCC_C_LANGUAGE_STANDARD = gnu11;
				GCC_NO_COMMON_BLOCKS = YES;
				GCC_WARN_64_TO_32_BIT_CONVERSION = YES;
				GCC_WARN_ABOUT_RETURN_TYPE = YES_ERROR;
				GCC_WARN_UNDECLARED_SELECTOR = YES;
				GCC_WARN_UNINITIALIZED_AUTOS = YES_AGGRESSIVE;
				GCC_WARN_UNUSED_FUNCTION = YES;
				GCC_WARN_UNUSED_VARIABLE = YES;
				IPHONEOS_DEPLOYMENT_TARGET = 16.0;
				MTL_ENABLE_DEBUG_INFO = NO;
				MTL_FAST_MATH = YES;
				SDKROOT = iphoneos;
				SWIFT_COMPILATION_MODE = wholemodule;
				SWIFT_OPTIMIZATION_LEVEL = "-O";
				VALIDATE_PRODUCT = YES;
			};
			name = Release;
		};
		22E3ECCA2868D0E7003B6F55 /* Debug */ = {
			isa = XCBuildConfiguration;
			buildSettings = {
				ASSETCATALOG_COMPILER_APPICON_NAME = AppIcon;
				ASSETCATALOG_COMPILER_GLOBAL_ACCENT_COLOR_NAME = AccentColor;
				CODE_SIGN_STYLE = Automatic;
				CURRENT_PROJECT_VERSION = 1;
				DEVELOPMENT_TEAM = 949D776DFQ;
				GENERATE_INFOPLIST_FILE = YES;
				INFOPLIST_FILE = ReggieUI/Info.plist;
				INFOPLIST_KEY_UIApplicationSupportsIndirectInputEvents = YES;
				INFOPLIST_KEY_UILaunchStoryboardName = LaunchScreen;
				INFOPLIST_KEY_UIMainStoryboardFile = Main;
				INFOPLIST_KEY_UISupportedInterfaceOrientations_iPad = "UIInterfaceOrientationPortrait UIInterfaceOrientationPortraitUpsideDown UIInterfaceOrientationLandscapeLeft UIInterfaceOrientationLandscapeRight";
				INFOPLIST_KEY_UISupportedInterfaceOrientations_iPhone = "UIInterfaceOrientationPortrait UIInterfaceOrientationLandscapeLeft UIInterfaceOrientationLandscapeRight";
				LD_RUNPATH_SEARCH_PATHS = (
					"$(inherited)",
					"@executable_path/Frameworks",
				);
				MARKETING_VERSION = 1.0;
				PRODUCT_BUNDLE_IDENTIFIER = "-.ReggieUI";
				PRODUCT_NAME = "$(TARGET_NAME)";
				SWIFT_EMIT_LOC_STRINGS = YES;
				SWIFT_VERSION = 5.0;
				TARGETED_DEVICE_FAMILY = "1,2";
			};
			name = Debug;
		};
		22E3ECCB2868D0E7003B6F55 /* Release */ = {
			isa = XCBuildConfiguration;
			buildSettings = {
				ASSETCATALOG_COMPILER_APPICON_NAME = AppIcon;
				ASSETCATALOG_COMPILER_GLOBAL_ACCENT_COLOR_NAME = AccentColor;
				CODE_SIGN_STYLE = Automatic;
				CURRENT_PROJECT_VERSION = 1;
				DEVELOPMENT_TEAM = 949D776DFQ;
				GENERATE_INFOPLIST_FILE = YES;
				INFOPLIST_FILE = ReggieUI/Info.plist;
				INFOPLIST_KEY_UIApplicationSupportsIndirectInputEvents = YES;
				INFOPLIST_KEY_UILaunchStoryboardName = LaunchScreen;
				INFOPLIST_KEY_UIMainStoryboardFile = Main;
				INFOPLIST_KEY_UISupportedInterfaceOrientations_iPad = "UIInterfaceOrientationPortrait UIInterfaceOrientationPortraitUpsideDown UIInterfaceOrientationLandscapeLeft UIInterfaceOrientationLandscapeRight";
				INFOPLIST_KEY_UISupportedInterfaceOrientations_iPhone = "UIInterfaceOrientationPortrait UIInterfaceOrientationLandscapeLeft UIInterfaceOrientationLandscapeRight";
				LD_RUNPATH_SEARCH_PATHS = (
					"$(inherited)",
					"@executable_path/Frameworks",
				);
				MARKETING_VERSION = 1.0;
				PRODUCT_BUNDLE_IDENTIFIER = "-.ReggieUI";
				PRODUCT_NAME = "$(TARGET_NAME)";
				SWIFT_EMIT_LOC_STRINGS = YES;
				SWIFT_VERSION = 5.0;
				TARGETED_DEVICE_FAMILY = "1,2";
			};
			name = Release;
		};
/* End XCBuildConfiguration section */

/* Begin XCConfigurationList section */
		22E3ECB02868D0E4003B6F55 /* Build configuration list for PBXProject "ReggieUI" */ = {
			isa = XCConfigurationList;
			buildConfigurations = (
				22E3ECC72868D0E7003B6F55 /* Debug */,
				22E3ECC82868D0E7003B6F55 /* Release */,
			);
			defaultConfigurationIsVisible = 0;
			defaultConfigurationName = Release;
		};
		22E3ECC92868D0E7003B6F55 /* Build configuration list for PBXNativeTarget "ReggieUI" */ = {
			isa = XCConfigurationList;
			buildConfigurations = (
				22E3ECCA2868D0E7003B6F55 /* Debug */,
				22E3ECCB2868D0E7003B6F55 /* Release */,
			);
			defaultConfigurationIsVisible = 0;
			defaultConfigurationName = Release;
		};
/* End XCConfigurationList section */

/* Begin XCSwiftPackageProductDependency section */
		22D9E5B828709D6B00E64BAA /* RegexModel */ = {
			isa = XCSwiftPackageProductDependency;
			productName = RegexModel;
		};
/* End XCSwiftPackageProductDependency section */
	};
	rootObject = 22E3ECAD2868D0E4003B6F55 /* Project object */;
}
